
Microsoft Visual Studio Solution File, Format Version 12.00
# Visual Studio Version 17
VisualStudioVersion = 17.5.33627.172
MinimumVisualStudioVersion = 10.0.40219.1
Project("{9A19103F-16F7-4668-BE54-9A1E7A4F7556}") = "CollegeProjectManagment", "CollegeProjectManagment\CollegeProjectManagment.csproj", "{5E6628CD-63C4-4DCF-B104-87F43286F1BE}"
EndProject
Project("{9A19103F-16F7-4668-BE54-9A1E7A4F7556}") = "CollegeProjectManagment.Core", "CollegeProjectManagment.Core\CollegeProjectManagment.Core.csproj", "{D7D4FFBB-133D-44C9-95E9-5F3A292B2D23}"
EndProject
Project("{9A19103F-16F7-4668-BE54-9A1E7A4F7556}") = "CollegeProjectManagment.Infrastructure", "CollegeProjectManagment.Infrastructure\CollegeProjectManagment.Infrastructure.csproj", "{4B02E778-A74D-42D1-993C-6F7B65C199BD}"
	ProjectSection(ProjectDependencies) = postProject
		{D7D4FFBB-133D-44C9-95E9-5F3A292B2D23} = {D7D4FFBB-133D-44C9-95E9-5F3A292B2D23}
	EndProjectSection
EndProject
Project("{2150E333-8FDC-42A3-9474-1A3956D46DE8}") = "tests", "tests", "{D90856A5-CE82-477A-A0B4-5E573C1561EC}"
EndProject
Project("{2150E333-8FDC-42A3-9474-1A3956D46DE8}") = "src", "src", "{2F997E0A-0D3A-4603-9238-0B744E92FEE3}"
	ProjectSection(SolutionItems) = preProject
		DataSeedJson.txt = DataSeedJson.txt
	EndProjectSection
EndProject
Project("{FAE04EC0-301F-11D3-BF4B-00C04F79EFBC}") = "Testing", "Testing\Testing.csproj", "{9E3A8911-02F9-48CE-BAF2-F60D2293B892}"
EndProject
Global
	GlobalSection(SolutionConfigurationPlatforms) = preSolution
		Debug|Any CPU = Debug|Any CPU
		Release|Any CPU = Release|Any CPU
	EndGlobalSection
	GlobalSection(ProjectConfigurationPlatforms) = postSolution
		{5E6628CD-63C4-4DCF-B104-87F43286F1BE}.Debug|Any CPU.ActiveCfg = Debug|Any CPU
		{5E6628CD-63C4-4DCF-B104-87F43286F1BE}.Debug|Any CPU.Build.0 = Debug|Any CPU
		{5E6628CD-63C4-4DCF-B104-87F43286F1BE}.Release|Any CPU.ActiveCfg = Release|Any CPU
		{5E6628CD-63C4-4DCF-B104-87F43286F1BE}.Release|Any CPU.Build.0 = Release|Any CPU
		{D7D4FFBB-133D-44C9-95E9-5F3A292B2D23}.Debug|Any CPU.ActiveCfg = Debug|Any CPU
		{D7D4FFBB-133D-44C9-95E9-5F3A292B2D23}.Debug|Any CPU.Build.0 = Debug|Any CPU
		{D7D4FFBB-133D-44C9-95E9-5F3A292B2D23}.Release|Any CPU.ActiveCfg = Release|Any CPU
		{D7D4FFBB-133D-44C9-95E9-5F3A292B2D23}.Release|Any CPU.Build.0 = Release|Any CPU
		{4B02E778-A74D-42D1-993C-6F7B65C199BD}.Debug|Any CPU.ActiveCfg = Debug|Any CPU
		{4B02E778-A74D-42D1-993C-6F7B65C199BD}.Debug|Any CPU.Build.0 = Debug|Any CPU
		{4B02E778-A74D-42D1-993C-6F7B65C199BD}.Release|Any CPU.ActiveCfg = Release|Any CPU
		{4B02E778-A74D-42D1-993C-6F7B65C199BD}.Release|Any CPU.Build.0 = Release|Any CPU
		{9E3A8911-02F9-48CE-BAF2-F60D2293B892}.Debug|Any CPU.ActiveCfg = Debug|Any CPU
		{9E3A8911-02F9-48CE-BAF2-F60D2293B892}.Debug|Any CPU.Build.0 = Debug|Any CPU
		{9E3A8911-02F9-48CE-BAF2-F60D2293B892}.Release|Any CPU.ActiveCfg = Release|Any CPU
		{9E3A8911-02F9-48CE-BAF2-F60D2293B892}.Release|Any CPU.Build.0 = Release|Any CPU
	EndGlobalSection
	GlobalSection(SolutionProperties) = preSolution
		HideSolutionNode = FALSE
	EndGlobalSection
	GlobalSection(NestedProjects) = preSolution
		{5E6628CD-63C4-4DCF-B104-87F43286F1BE} = {2F997E0A-0D3A-4603-9238-0B744E92FEE3}
		{D7D4FFBB-133D-44C9-95E9-5F3A292B2D23} = {2F997E0A-0D3A-4603-9238-0B744E92FEE3}
		{4B02E778-A74D-42D1-993C-6F7B65C199BD} = {2F997E0A-0D3A-4603-9238-0B744E92FEE3}
	EndGlobalSection
	GlobalSection(ExtensibilityGlobals) = postSolution
		SolutionGuid = {C04510A2-F3FE-449C-8A57-6E97A41BBBD7}
	EndGlobalSection
EndGlobal
